
Microsoft Visual Studio Solution File, Format Version 12.00
# Visual Studio Version 16
VisualStudioVersion = 16.0.31205.134
MinimumVisualStudioVersion = 10.0.40219.1
Project("{FAE04EC0-301F-11D3-BF4B-00C04F79EFBC}") = "DataUseVaccine", "BigAds\DataUseVaccine.csproj", "{404F5C18-BA7B-4C98-B887-75B6F2C658A9}"
EndProject
Project("{54435603-DBB4-11D2-8724-00A0C9A8B90C}") = "Hospital_Installer", "Hospital_Installer\Hospital_Installer.vdproj", "{64FEC6F9-A371-48E2-BBAE-66B1186F5449}"
EndProject
Global
	GlobalSection(SolutionConfigurationPlatforms) = preSolution
		Debug|Any CPU = Debug|Any CPU
		Release|Any CPU = Release|Any CPU
	EndGlobalSection
	GlobalSection(ProjectConfigurationPlatforms) = postSolution
		{404F5C18-BA7B-4C98-B887-75B6F2C658A9}.Debug|Any CPU.ActiveCfg = Debug|Any CPU
		{404F5C18-BA7B-4C98-B887-75B6F2C658A9}.Debug|Any CPU.Build.0 = Debug|Any CPU
		{404F5C18-BA7B-4C98-B887-75B6F2C658A9}.Release|Any CPU.ActiveCfg = Release|Any CPU
		{404F5C18-BA7B-4C98-B887-75B6F2C658A9}.Release|Any CPU.Build.0 = Release|Any CPU
		{64FEC6F9-A371-48E2-BBAE-66B1186F5449}.Debug|Any CPU.ActiveCfg = Debug
		{64FEC6F9-A371-48E2-BBAE-66B1186F5449}.Release|Any CPU.ActiveCfg = Release
	EndGlobalSection
	GlobalSection(SolutionProperties) = preSolution
		HideSolutionNode = FALSE
	EndGlobalSection
	GlobalSection(ExtensibilityGlobals) = postSolution
		SolutionGuid = {8BEC6D4F-3D22-4AE7-9D1F-34504936E19E}
	EndGlobalSection
EndGlobal
